
Microsoft Visual Studio Solution File, Format Version 12.00
# Visual Studio Version 17
VisualStudioVersion = 17.2.32519.379
MinimumVisualStudioVersion = 10.0.40219.1
Project("{9A19103F-16F7-4668-BE54-9A1E7A4F7556}") = "Entities", "Entities\Entities.csproj", "{767A30A2-A7EC-430A-B4CA-B5529F356526}"
EndProject
Project("{9A19103F-16F7-4668-BE54-9A1E7A4F7556}") = "Business", "Business\Business.csproj", "{D68BF7B7-1EE8-4915-85C1-6468496784BC}"
EndProject
Project("{9A19103F-16F7-4668-BE54-9A1E7A4F7556}") = "ConsoleUI", "ConsoleUI\ConsoleUI.csproj", "{D63CFBF9-42D2-481D-8C23-427F52567925}"
EndProject
Project("{9A19103F-16F7-4668-BE54-9A1E7A4F7556}") = "DataAccess", "DataAccess\DataAccess.csproj", "{C00A47A0-9F4A-4B8A-8D36-B009466A2C69}"
EndProject
Project("{FAE04EC0-301F-11D3-BF4B-00C04F79EFBC}") = "Core", "Core\Core.csproj", "{984F0367-5D26-4048-86A8-27AF4291C93C}"
EndProject
Global
	GlobalSection(SolutionConfigurationPlatforms) = preSolution
		Debug|Any CPU = Debug|Any CPU
		Release|Any CPU = Release|Any CPU
	EndGlobalSection
	GlobalSection(ProjectConfigurationPlatforms) = postSolution
		{767A30A2-A7EC-430A-B4CA-B5529F356526}.Debug|Any CPU.ActiveCfg = Debug|Any CPU
		{767A30A2-A7EC-430A-B4CA-B5529F356526}.Debug|Any CPU.Build.0 = Debug|Any CPU
		{767A30A2-A7EC-430A-B4CA-B5529F356526}.Release|Any CPU.ActiveCfg = Release|Any CPU
		{767A30A2-A7EC-430A-B4CA-B5529F356526}.Release|Any CPU.Build.0 = Release|Any CPU
		{D68BF7B7-1EE8-4915-85C1-6468496784BC}.Debug|Any CPU.ActiveCfg = Debug|Any CPU
		{D68BF7B7-1EE8-4915-85C1-6468496784BC}.Debug|Any CPU.Build.0 = Debug|Any CPU
		{D68BF7B7-1EE8-4915-85C1-6468496784BC}.Release|Any CPU.ActiveCfg = Release|Any CPU
		{D68BF7B7-1EE8-4915-85C1-6468496784BC}.Release|Any CPU.Build.0 = Release|Any CPU
		{D63CFBF9-42D2-481D-8C23-427F52567925}.Debug|Any CPU.ActiveCfg = Debug|Any CPU
		{D63CFBF9-42D2-481D-8C23-427F52567925}.Debug|Any CPU.Build.0 = Debug|Any CPU
		{D63CFBF9-42D2-481D-8C23-427F52567925}.Release|Any CPU.ActiveCfg = Release|Any CPU
		{D63CFBF9-42D2-481D-8C23-427F52567925}.Release|Any CPU.Build.0 = Release|Any CPU
		{C00A47A0-9F4A-4B8A-8D36-B009466A2C69}.Debug|Any CPU.ActiveCfg = Debug|Any CPU
		{C00A47A0-9F4A-4B8A-8D36-B009466A2C69}.Debug|Any CPU.Build.0 = Debug|Any CPU
		{C00A47A0-9F4A-4B8A-8D36-B009466A2C69}.Release|Any CPU.ActiveCfg = Release|Any CPU
		{C00A47A0-9F4A-4B8A-8D36-B009466A2C69}.Release|Any CPU.Build.0 = Release|Any CPU
		{984F0367-5D26-4048-86A8-27AF4291C93C}.Debug|Any CPU.ActiveCfg = Debug|Any CPU
		{984F0367-5D26-4048-86A8-27AF4291C93C}.Debug|Any CPU.Build.0 = Debug|Any CPU
		{984F0367-5D26-4048-86A8-27AF4291C93C}.Release|Any CPU.ActiveCfg = Release|Any CPU
		{984F0367-5D26-4048-86A8-27AF4291C93C}.Release|Any CPU.Build.0 = Release|Any CPU
	EndGlobalSection
	GlobalSection(SolutionProperties) = preSolution
		HideSolutionNode = FALSE
	EndGlobalSection
	GlobalSection(ExtensibilityGlobals) = postSolution
		SolutionGuid = {512D3E55-B7A2-472D-A2C1-1AF338951708}
	EndGlobalSection
EndGlobal
